{
  "name": "unrpyc-pure",
  "version": "1.1.0",
  "lockfileVersion": 3,
  "requires": true,
  "packages": {
    "": {
      "name": "unrpyc-pure",
      "version": "1.1.0",
      "license": "MIT",
      "dependencies": {
        "fflate": "^0.8.2",
        "pickleparser": "^0.2.1"
      },
      "bin": {
        "unrpyc": "src/node/cli.js"
      }
    },
    "node_modules/fflate": {
      "version": "0.8.2",
      "resolved": "https://registry.npmjs.org/fflate/-/fflate-0.8.2.tgz",
      "integrity": "sha512-cPJU47OaAoCbg0pBvzsgpTPhmhqI5eJjh/JIu8tPj5q+T7iLvW/JAYUqmE7KOB4R1ZyEhzBaIQpQpardBF5z8A==",
      "license": "MIT"
    },
    "node_modules/pickleparser": {
      "version": "0.2.1",
      "resolved": "https://registry.npmjs.org/pickleparser/-/pickleparser-0.2.1.tgz",
      "integrity": "sha512-kMzY3uFYcR6OjOqr7nV2nkaXaBsUEOafu3zgPxeD6s/2ueMfVQH8lrymcDWBPGx0OkVxGMikxQit6jgByXjwBg==",
      "license": "MIT",
      "bin": {
        "pickleparser": "bin/pickletojson.js",
        "pickletojson": "bin/pickletojson.js"
      }
    }
  }
}
